
Microsoft Visual Studio Solution File, Format Version 10.00
# Visual C# Express 2008
Project("{FAE04EC0-301F-11D3-BF4B-00C04F79EFBC}") = "RubbishCleaner", "RubbishCleaner\RubbishCleaner.csproj", "{1D01159C-464E-4ABF-9B90-EA2DF0670F87}"
EndProject
Global
	GlobalSection(SolutionConfigurationPlatforms) = preSolution
		Debug|Any CPU = Debug|Any CPU
		Release|Any CPU = Release|Any CPU
	EndGlobalSection
	GlobalSection(ProjectConfigurationPlatforms) = postSolution
		{1D01159C-464E-4ABF-9B90-EA2DF0670F87}.Debug|Any CPU.ActiveCfg = Debug|Any CPU
		{1D01159C-464E-4ABF-9B90-EA2DF0670F87}.Debug|Any CPU.Build.0 = Debug|Any CPU
		{1D01159C-464E-4ABF-9B90-EA2DF0670F87}.Release|Any CPU.ActiveCfg = Release|Any CPU
		{1D01159C-464E-4ABF-9B90-EA2DF0670F87}.Release|Any CPU.Build.0 = Release|Any CPU
	EndGlobalSection
	GlobalSection(SolutionProperties) = preSolution
		HideSolutionNode = FALSE
	EndGlobalSection
EndGlobal
